
Microsoft Visual Studio Solution File, Format Version 12.00
# Visual Studio Express 15 for Windows Desktop
VisualStudioVersion = 15.0.28307.852
MinimumVisualStudioVersion = 10.0.40219.1
Project("{FAE04EC0-301F-11D3-BF4B-00C04F79EFBC}") = "PopoviciDianaMario", "PopoviciDianaMario\PopoviciDianaMario.csproj", "{BE3B0ECB-DC6C-4980-90AA-785C3D2D6924}"
EndProject
Global
	GlobalSection(SolutionConfigurationPlatforms) = preSolution
		Debug|Any CPU = Debug|Any CPU
		Release|Any CPU = Release|Any CPU
	EndGlobalSection
	GlobalSection(ProjectConfigurationPlatforms) = postSolution
		{BE3B0ECB-DC6C-4980-90AA-785C3D2D6924}.Debug|Any CPU.ActiveCfg = Debug|Any CPU
		{BE3B0ECB-DC6C-4980-90AA-785C3D2D6924}.Debug|Any CPU.Build.0 = Debug|Any CPU
		{BE3B0ECB-DC6C-4980-90AA-785C3D2D6924}.Release|Any CPU.ActiveCfg = Release|Any CPU
		{BE3B0ECB-DC6C-4980-90AA-785C3D2D6924}.Release|Any CPU.Build.0 = Release|Any CPU
	EndGlobalSection
	GlobalSection(SolutionProperties) = preSolution
		HideSolutionNode = FALSE
	EndGlobalSection
	GlobalSection(ExtensibilityGlobals) = postSolution
		SolutionGuid = {A41A880B-AE5B-465B-82FD-2FE64709582D}
	EndGlobalSection
EndGlobal
